
Microsoft Visual Studio Solution File, Format Version 12.00
# Visual Studio Version 17
VisualStudioVersion = 17.2.32519.379
MinimumVisualStudioVersion = 10.0.40219.1
Project("{FAE04EC0-301F-11D3-BF4B-00C04F79EFBC}") = "DataBaseDll", "DataBaseDll\DataBaseDll.csproj", "{98088630-9801-4093-B32C-6E1C1CD3F9C7}"
EndProject
Global
	GlobalSection(SolutionConfigurationPlatforms) = preSolution
		Debug|Any CPU = Debug|Any CPU
		Release|Any CPU = Release|Any CPU
	EndGlobalSection
	GlobalSection(ProjectConfigurationPlatforms) = postSolution
		{98088630-9801-4093-B32C-6E1C1CD3F9C7}.Debug|Any CPU.ActiveCfg = Debug|Any CPU
		{98088630-9801-4093-B32C-6E1C1CD3F9C7}.Debug|Any CPU.Build.0 = Debug|Any CPU
		{98088630-9801-4093-B32C-6E1C1CD3F9C7}.Release|Any CPU.ActiveCfg = Release|Any CPU
		{98088630-9801-4093-B32C-6E1C1CD3F9C7}.Release|Any CPU.Build.0 = Release|Any CPU
	EndGlobalSection
	GlobalSection(SolutionProperties) = preSolution
		HideSolutionNode = FALSE
	EndGlobalSection
	GlobalSection(ExtensibilityGlobals) = postSolution
		SolutionGuid = {FF351D5E-C18F-44CC-9CBE-F27B349C54C0}
	EndGlobalSection
EndGlobal
